{
  "object": {
    "pins": [
      {
        "package": "HDXLCommonUtilities",
        "repositoryURL": "https://github.com/plx/HDXLCommonUtilities",
        "state": {
          "branch": null,
          "revision": "6cfc9d6150ba5c15e369c8a65ae47b393638a12f",
          "version": "0.0.29"
        }
      }
    ]
  },
  "version": 1
}
