{
  "object": {
    "pins": [
      {
        "package": "HDXLCommonUtilities",
        "repositoryURL": "https://github.com/plx/HDXLCommonUtilities",
        "state": {
          "branch": null,
          "revision": "0649090c2f56410a4e74b1760a572aa50cedca58",
          "version": "0.0.13"
        }
      }
    ]
  },
  "version": 1
}
